# THIS IS AN AUTOGENERATED FILE. DO NOT EDIT THIS FILE DIRECTLY.
# yarn lockfile v1


vue-i18n@^8.24.4:
  version "8.24.4"
  resolved "https://registry.yarnpkg.com/vue-i18n/-/vue-i18n-8.24.4.tgz#b158614c1df7db183d9cadddbb73e1d540269492"
  integrity sha512-RZE94WUAGxEiBAANxQ0pptbRwDkNKNSXl3fnJslpFOxVMF6UkUtMDSuYGuW2blDrVgweIXVpethOVkYoNNT9xw==
